
Microsoft Visual Studio Solution File, Format Version 12.00
# Visual Studio 15
VisualStudioVersion = 15.0.28307.960
MinimumVisualStudioVersion = 10.0.40219.1
Project("{E24C65DC-7377-472B-9ABA-BC803B73C61A}") = "484LoadDock411", "484LoadDock411\", "{81B67667-C0F6-496E-B13E-90D6F5117C84}"
	ProjectSection(WebsiteProperties) = preProject
		TargetFrameworkMoniker = ".NETFramework,Version%3Dv4.6.1"
		Debug.AspNetCompiler.VirtualPath = "/localhost_50160"
		Debug.AspNetCompiler.PhysicalPath = "484LoadDock411\"
		Debug.AspNetCompiler.TargetPath = "PrecompiledWeb\localhost_50160\"
		Debug.AspNetCompiler.Updateable = "true"
		Debug.AspNetCompiler.ForceOverwrite = "true"
		Debug.AspNetCompiler.FixedNames = "false"
		Debug.AspNetCompiler.Debug = "True"
		Release.AspNetCompiler.VirtualPath = "/localhost_50160"
		Release.AspNetCompiler.PhysicalPath = "484LoadDock411\"
		Release.AspNetCompiler.TargetPath = "PrecompiledWeb\localhost_50160\"
		Release.AspNetCompiler.Updateable = "true"
		Release.AspNetCompiler.ForceOverwrite = "true"
		Release.AspNetCompiler.FixedNames = "false"
		Release.AspNetCompiler.Debug = "False"
		VWDPort = "50160"
		SlnRelativePath = "484LoadDock411\"
		DefaultWebSiteLanguage = "Visual C#"
	EndProjectSection
EndProject
Global
	GlobalSection(SolutionConfigurationPlatforms) = preSolution
		Debug|Any CPU = Debug|Any CPU
	EndGlobalSection
	GlobalSection(ProjectConfigurationPlatforms) = postSolution
		{81B67667-C0F6-496E-B13E-90D6F5117C84}.Debug|Any CPU.ActiveCfg = Debug|Any CPU
		{81B67667-C0F6-496E-B13E-90D6F5117C84}.Debug|Any CPU.Build.0 = Debug|Any CPU
	EndGlobalSection
	GlobalSection(SolutionProperties) = preSolution
		HideSolutionNode = FALSE
	EndGlobalSection
	GlobalSection(ExtensibilityGlobals) = postSolution
		SolutionGuid = {DEC84991-E0EE-49FA-8B9E-C2F2697FE893}
	EndGlobalSection
EndGlobal
